hash: 956ba15679dd6f1335ebcf419efeb03b7a71c13a11ebcf2c72aa5bdc4d7cc6d2
updated: 2017-06-24T21:07:55.134157272+09:00
imports:
- name: github.com/golang/protobuf
  version: 8ee79997227bf9b34611aee7946ae64735e6fd93
  subpackages:
  - proto
- name: github.com/pkg/errors
  version: 645ef00459ed84a119197bfb8d8205042c6df63d
- name: golang.org/x/net
  version: a689eb3bc4b53af70390acc3cf68c9f549b6b8d6
  subpackages:
  - context
- name: google.golang.org/appengine
  version: 150dc57a1b433e64154302bdc40b6bb8aefa313a
  subpackages:
  - datastore
  - internal
  - internal/app_identity
  - internal/base
  - internal/datastore
  - internal/log
  - internal/modules
  - internal/remote_api
  - log
testImports: []
